
Microsoft Visual Studio Solution File, Format Version 12.00
# Visual Studio 2015
Project("{FAE04EC0-301F-11D3-BF4B-00C04F79EFBC}") = "RaceGame2.CSharp.Plugins", "RaceGame2.CSharp.Plugins.csproj", "{4E886C8F-2472-8546-074E-622DDACE86ED}"
EndProject
Project("{FAE04EC0-301F-11D3-BF4B-00C04F79EFBC}") = "RaceGame2.CSharp", "RaceGame2.CSharp.csproj", "{C498E00B-2B88-16B0-C8E0-DEC027063B3F}"
EndProject
Project("{FAE04EC0-301F-11D3-BF4B-00C04F79EFBC}") = "RaceGame2.CSharp.Editor.Plugins", "RaceGame2.CSharp.Editor.Plugins.csproj", "{9C8DA58B-125E-23F4-C8EA-59A71EA23E94}"
EndProject
Global
	GlobalSection(SolutionConfigurationPlatforms) = preSolution
		Debug|Any CPU = Debug|Any CPU
		Release|Any CPU = Release|Any CPU
	EndGlobalSection
	GlobalSection(ProjectConfigurationPlatforms) = postSolution
		{4E886C8F-2472-8546-074E-622DDACE86ED}.Debug|Any CPU.ActiveCfg = Debug|Any CPU
		{4E886C8F-2472-8546-074E-622DDACE86ED}.Debug|Any CPU.Build.0 = Debug|Any CPU
		{4E886C8F-2472-8546-074E-622DDACE86ED}.Release|Any CPU.ActiveCfg = Release|Any CPU
		{4E886C8F-2472-8546-074E-622DDACE86ED}.Release|Any CPU.Build.0 = Release|Any CPU
		{C498E00B-2B88-16B0-C8E0-DEC027063B3F}.Debug|Any CPU.ActiveCfg = Debug|Any CPU
		{C498E00B-2B88-16B0-C8E0-DEC027063B3F}.Debug|Any CPU.Build.0 = Debug|Any CPU
		{C498E00B-2B88-16B0-C8E0-DEC027063B3F}.Release|Any CPU.ActiveCfg = Release|Any CPU
		{C498E00B-2B88-16B0-C8E0-DEC027063B3F}.Release|Any CPU.Build.0 = Release|Any CPU
		{9C8DA58B-125E-23F4-C8EA-59A71EA23E94}.Debug|Any CPU.ActiveCfg = Debug|Any CPU
		{9C8DA58B-125E-23F4-C8EA-59A71EA23E94}.Debug|Any CPU.Build.0 = Debug|Any CPU
		{9C8DA58B-125E-23F4-C8EA-59A71EA23E94}.Release|Any CPU.ActiveCfg = Release|Any CPU
		{9C8DA58B-125E-23F4-C8EA-59A71EA23E94}.Release|Any CPU.Build.0 = Release|Any CPU
	EndGlobalSection
	GlobalSection(SolutionProperties) = preSolution
		HideSolutionNode = FALSE
	EndGlobalSection
EndGlobal
